# This file is automatically @generated by Cargo.
# It is not intended for manual editing.
version = 3

[[package]]
name = "chipi-backend-cpp"
version = "1.0.0"
dependencies = [
 "chipi-core",
 "chipi-syntax",
]

[[package]]
name = "chipi-backend-python"
version = "1.0.0"
dependencies = [
 "chipi-core",
 "chipi-syntax",
]

[[package]]
name = "chipi-backend-rust"
version = "1.0.0"
dependencies = [
 "chipi-core",
 "chipi-syntax",
]

[[package]]
name = "chipi-cli"
version = "1.0.0"
dependencies = [
 "chipi-backend-cpp",
 "chipi-backend-python",
 "chipi-backend-rust",
 "chipi-core",
 "chipi-syntax",
]

[[package]]
name = "chipi-core"
version = "1.0.0"
dependencies = [
 "chipi-syntax",
]

[[package]]
name = "chipi-macros"
version = "1.0.0"
dependencies = [
 "chipi-backend-rust",
 "chipi-core",
]

[[package]]
name = "chipi-syntax"
version = "1.0.0"
